{
  "version": 2,
  "dependencies": {
    "net9.0": {
      "Newtonsoft.Json": {
        "type": "Transitive",
        "resolved": "13.0.1",
        "contentHash": "ppPFpBcvxdsfUonNcvITKqLl3bqxWbDCZIzDWHzjpdAHRFfZe0Dw9HmA0+za13IdyrgJwpkDTDA9fHaxOrt20A=="
      },
      "SharpCompress": {
        "type": "Transitive",
        "resolved": "0.29.0",
        "contentHash": "k7iUB0mZWS6eEj6L0PuuxASzjpQvlYKfHJ0JtnHBJFbU3VeQJ4SNQC4eloiYsPbmFrJCJYiqFhV4AZuBXpIXiQ=="
      },
      "be.vlaanderen.basisregisters.dockerutilities": {
        "type": "Project",
        "dependencies": {
          "Ductus.FluentDocker": "[2.10.59, )"
        }
      },
      "Ductus.FluentDocker": {
        "type": "CentralTransitive",
        "requested": "[2.10.59, )",
        "resolved": "2.10.59",
        "contentHash": "y/wx7G5iNVSRRBnXuEQ5PVjFJfQAZXdqyv2WBqmxBCa089SQssibyOjcyUv/eskL2Hxap2+UHe3qQnlEHlAh1g==",
        "dependencies": {
          "Newtonsoft.Json": "13.0.1",
          "SharpCompress": "0.29.0"
        }
      }
    }
  }
}